github.com/andrejacobs/go-test1 v0.0.0-20220509114742-d186c44a2d88 h1:XUNEsNhn/74gfpT3SJ3dkeCn4BT6FLGLd7Btml1KkCA=
github.com/andrejacobs/go-test1 v0.0.0-20220509114742-d186c44a2d88/go.mod h1:iT0PhunhC4SxzY8uZzo3/R2E5alY3e196+0BYmzDlS4=
github.com/andrejacobs/go-test1 v0.0.0-20220510085007-38df90522ed9 h1:hIr4jIjk1204eHptvRox8gxni0fI9bP5obbUW8JSZYQ=
github.com/andrejacobs/go-test1 v0.0.0-20220510085007-38df90522ed9/go.mod h1:iT0PhunhC4SxzY8uZzo3/R2E5alY3e196+0BYmzDlS4=
